
Microsoft Visual Studio Solution File, Format Version 12.00
# Visual Studio Version 17
VisualStudioVersion = 17.0.31903.59
MinimumVisualStudioVersion = 10.0.40219.1
Project("{2150E333-8FDC-42A3-9474-1A3956D46DE8}") = "SharpSpades.Api", "SharpSpades.Api", "{BAE4799B-F738-450C-91FC-6F8178CD5F8E}"
EndProject
Project("{F2A71F9B-5D33-465A-A702-920D77279786}") = "SharpSpades.Api", "SharpSpades.Api\src\SharpSpades.Api.fsproj", "{35A3956A-AD6D-423D-BAA1-DC52AE1FDBA0}"
EndProject
Project("{2150E333-8FDC-42A3-9474-1A3956D46DE8}") = "SharpSpades", "SharpSpades", "{9ADB3A64-FA75-40E3-8DCB-752DE47FFC37}"
EndProject
Project("{F2A71F9B-5D33-465A-A702-920D77279786}") = "SharpSpades", "SharpSpades\src\SharpSpades.fsproj", "{C709B0DB-12BD-48F4-84B7-FC223614DE8C}"
EndProject
Project("{2150E333-8FDC-42A3-9474-1A3956D46DE8}") = "SharpSpades.Testing", "SharpSpades.Testing", "{707F3C78-6BE9-4BD2-8741-46F7D57C9944}"
EndProject
Project("{F2A71F9B-5D33-465A-A702-920D77279786}") = "SharpSpades.Testing", "SharpSpades.Testing\src\SharpSpades.Testing.fsproj", "{02BA1901-CE40-4B81-ABC5-A1A199B3A14B}"
EndProject
Project("{2150E333-8FDC-42A3-9474-1A3956D46DE8}") = "SharpSpades.Native", "SharpSpades.Native", "{70A998CD-0745-4586-BD96-CA1EF9105150}"
EndProject
Project("{FAE04EC0-301F-11D3-BF4B-00C04F79EFBC}") = "SharpSpades.Native", "SharpSpades.Native\src\SharpSpades.Native.csproj", "{A3DA90E9-37AF-43BA-81F5-ACF0828E8C51}"
EndProject
Global
	GlobalSection(SolutionConfigurationPlatforms) = preSolution
		Debug|Any CPU = Debug|Any CPU
		Release|Any CPU = Release|Any CPU
	EndGlobalSection
	GlobalSection(SolutionProperties) = preSolution
		HideSolutionNode = FALSE
	EndGlobalSection
	GlobalSection(ProjectConfigurationPlatforms) = postSolution
		{35A3956A-AD6D-423D-BAA1-DC52AE1FDBA0}.Debug|Any CPU.ActiveCfg = Debug|Any CPU
		{35A3956A-AD6D-423D-BAA1-DC52AE1FDBA0}.Debug|Any CPU.Build.0 = Debug|Any CPU
		{35A3956A-AD6D-423D-BAA1-DC52AE1FDBA0}.Release|Any CPU.ActiveCfg = Release|Any CPU
		{35A3956A-AD6D-423D-BAA1-DC52AE1FDBA0}.Release|Any CPU.Build.0 = Release|Any CPU
		{C709B0DB-12BD-48F4-84B7-FC223614DE8C}.Debug|Any CPU.ActiveCfg = Debug|Any CPU
		{C709B0DB-12BD-48F4-84B7-FC223614DE8C}.Debug|Any CPU.Build.0 = Debug|Any CPU
		{C709B0DB-12BD-48F4-84B7-FC223614DE8C}.Release|Any CPU.ActiveCfg = Release|Any CPU
		{C709B0DB-12BD-48F4-84B7-FC223614DE8C}.Release|Any CPU.Build.0 = Release|Any CPU
		{02BA1901-CE40-4B81-ABC5-A1A199B3A14B}.Debug|Any CPU.ActiveCfg = Debug|Any CPU
		{02BA1901-CE40-4B81-ABC5-A1A199B3A14B}.Debug|Any CPU.Build.0 = Debug|Any CPU
		{02BA1901-CE40-4B81-ABC5-A1A199B3A14B}.Release|Any CPU.ActiveCfg = Release|Any CPU
		{02BA1901-CE40-4B81-ABC5-A1A199B3A14B}.Release|Any CPU.Build.0 = Release|Any CPU
		{A3DA90E9-37AF-43BA-81F5-ACF0828E8C51}.Debug|Any CPU.ActiveCfg = Debug|Any CPU
		{A3DA90E9-37AF-43BA-81F5-ACF0828E8C51}.Debug|Any CPU.Build.0 = Debug|Any CPU
		{A3DA90E9-37AF-43BA-81F5-ACF0828E8C51}.Release|Any CPU.ActiveCfg = Release|Any CPU
		{A3DA90E9-37AF-43BA-81F5-ACF0828E8C51}.Release|Any CPU.Build.0 = Release|Any CPU
	EndGlobalSection
	GlobalSection(NestedProjects) = preSolution
		{35A3956A-AD6D-423D-BAA1-DC52AE1FDBA0} = {BAE4799B-F738-450C-91FC-6F8178CD5F8E}
		{C709B0DB-12BD-48F4-84B7-FC223614DE8C} = {9ADB3A64-FA75-40E3-8DCB-752DE47FFC37}
		{02BA1901-CE40-4B81-ABC5-A1A199B3A14B} = {707F3C78-6BE9-4BD2-8741-46F7D57C9944}
		{A3DA90E9-37AF-43BA-81F5-ACF0828E8C51} = {70A998CD-0745-4586-BD96-CA1EF9105150}
	EndGlobalSection
EndGlobal
