
Microsoft Visual Studio Solution File, Format Version 12.00
# Visual Studio Version 16
VisualStudioVersion = 16.0.30804.86
MinimumVisualStudioVersion = 15.0.26124.0
Project("{9A19103F-16F7-4668-BE54-9A1E7A4F7556}") = "SharpSpades", "SharpSpades\SharpSpades.csproj", "{33D1A52E-3DD7-428C-B0D2-FD73E672CECB}"
EndProject
Project("{9A19103F-16F7-4668-BE54-9A1E7A4F7556}") = "SharpSpades.Api", "SharpSpades.Api\SharpSpades.Api.csproj", "{61E2FE9A-D090-4EC5-9E3C-06B8705B1E77}"
EndProject
Project("{9A19103F-16F7-4668-BE54-9A1E7A4F7556}") = "SharpSpades.Tests", "SharpSpades.Tests\SharpSpades.Tests.csproj", "{65ACF26D-A0FA-40B0-9FF4-54C53C9CCC45}"
EndProject
Project("{FAE04EC0-301F-11D3-BF4B-00C04F79EFBC}") = "SharpSpades.Vxl", "SharpSpades.Vxl\SharpSpades.Vxl.csproj", "{10A6C791-CACB-4BEE-9B52-EDD6696BD871}"
EndProject
Global
	GlobalSection(SolutionConfigurationPlatforms) = preSolution
		Debug|Any CPU = Debug|Any CPU
		Debug|x64 = Debug|x64
		Debug|x86 = Debug|x86
		Release|Any CPU = Release|Any CPU
		Release|x64 = Release|x64
		Release|x86 = Release|x86
	EndGlobalSection
	GlobalSection(ProjectConfigurationPlatforms) = postSolution
		{33D1A52E-3DD7-428C-B0D2-FD73E672CECB}.Debug|Any CPU.ActiveCfg = Debug|Any CPU
		{33D1A52E-3DD7-428C-B0D2-FD73E672CECB}.Debug|Any CPU.Build.0 = Debug|Any CPU
		{33D1A52E-3DD7-428C-B0D2-FD73E672CECB}.Debug|x64.ActiveCfg = Debug|Any CPU
		{33D1A52E-3DD7-428C-B0D2-FD73E672CECB}.Debug|x64.Build.0 = Debug|Any CPU
		{33D1A52E-3DD7-428C-B0D2-FD73E672CECB}.Debug|x86.ActiveCfg = Debug|Any CPU
		{33D1A52E-3DD7-428C-B0D2-FD73E672CECB}.Debug|x86.Build.0 = Debug|Any CPU
		{33D1A52E-3DD7-428C-B0D2-FD73E672CECB}.Release|Any CPU.ActiveCfg = Release|Any CPU
		{33D1A52E-3DD7-428C-B0D2-FD73E672CECB}.Release|Any CPU.Build.0 = Release|Any CPU
		{33D1A52E-3DD7-428C-B0D2-FD73E672CECB}.Release|x64.ActiveCfg = Release|Any CPU
		{33D1A52E-3DD7-428C-B0D2-FD73E672CECB}.Release|x64.Build.0 = Release|Any CPU
		{33D1A52E-3DD7-428C-B0D2-FD73E672CECB}.Release|x86.ActiveCfg = Release|Any CPU
		{33D1A52E-3DD7-428C-B0D2-FD73E672CECB}.Release|x86.Build.0 = Release|Any CPU
		{61E2FE9A-D090-4EC5-9E3C-06B8705B1E77}.Debug|Any CPU.ActiveCfg = Debug|Any CPU
		{61E2FE9A-D090-4EC5-9E3C-06B8705B1E77}.Debug|Any CPU.Build.0 = Debug|Any CPU
		{61E2FE9A-D090-4EC5-9E3C-06B8705B1E77}.Debug|x64.ActiveCfg = Debug|Any CPU
		{61E2FE9A-D090-4EC5-9E3C-06B8705B1E77}.Debug|x64.Build.0 = Debug|Any CPU
		{61E2FE9A-D090-4EC5-9E3C-06B8705B1E77}.Debug|x86.ActiveCfg = Debug|Any CPU
		{61E2FE9A-D090-4EC5-9E3C-06B8705B1E77}.Debug|x86.Build.0 = Debug|Any CPU
		{61E2FE9A-D090-4EC5-9E3C-06B8705B1E77}.Release|Any CPU.ActiveCfg = Release|Any CPU
		{61E2FE9A-D090-4EC5-9E3C-06B8705B1E77}.Release|Any CPU.Build.0 = Release|Any CPU
		{61E2FE9A-D090-4EC5-9E3C-06B8705B1E77}.Release|x64.ActiveCfg = Release|Any CPU
		{61E2FE9A-D090-4EC5-9E3C-06B8705B1E77}.Release|x64.Build.0 = Release|Any CPU
		{61E2FE9A-D090-4EC5-9E3C-06B8705B1E77}.Release|x86.ActiveCfg = Release|Any CPU
		{61E2FE9A-D090-4EC5-9E3C-06B8705B1E77}.Release|x86.Build.0 = Release|Any CPU
		{65ACF26D-A0FA-40B0-9FF4-54C53C9CCC45}.Debug|Any CPU.ActiveCfg = Debug|Any CPU
		{65ACF26D-A0FA-40B0-9FF4-54C53C9CCC45}.Debug|Any CPU.Build.0 = Debug|Any CPU
		{65ACF26D-A0FA-40B0-9FF4-54C53C9CCC45}.Debug|x64.ActiveCfg = Debug|Any CPU
		{65ACF26D-A0FA-40B0-9FF4-54C53C9CCC45}.Debug|x64.Build.0 = Debug|Any CPU
		{65ACF26D-A0FA-40B0-9FF4-54C53C9CCC45}.Debug|x86.ActiveCfg = Debug|Any CPU
		{65ACF26D-A0FA-40B0-9FF4-54C53C9CCC45}.Debug|x86.Build.0 = Debug|Any CPU
		{65ACF26D-A0FA-40B0-9FF4-54C53C9CCC45}.Release|Any CPU.ActiveCfg = Release|Any CPU
		{65ACF26D-A0FA-40B0-9FF4-54C53C9CCC45}.Release|Any CPU.Build.0 = Release|Any CPU
		{65ACF26D-A0FA-40B0-9FF4-54C53C9CCC45}.Release|x64.ActiveCfg = Release|Any CPU
		{65ACF26D-A0FA-40B0-9FF4-54C53C9CCC45}.Release|x64.Build.0 = Release|Any CPU
		{65ACF26D-A0FA-40B0-9FF4-54C53C9CCC45}.Release|x86.ActiveCfg = Release|Any CPU
		{65ACF26D-A0FA-40B0-9FF4-54C53C9CCC45}.Release|x86.Build.0 = Release|Any CPU
		{10A6C791-CACB-4BEE-9B52-EDD6696BD871}.Debug|Any CPU.ActiveCfg = Debug|Any CPU
		{10A6C791-CACB-4BEE-9B52-EDD6696BD871}.Debug|Any CPU.Build.0 = Debug|Any CPU
		{10A6C791-CACB-4BEE-9B52-EDD6696BD871}.Debug|x64.ActiveCfg = Debug|Any CPU
		{10A6C791-CACB-4BEE-9B52-EDD6696BD871}.Debug|x64.Build.0 = Debug|Any CPU
		{10A6C791-CACB-4BEE-9B52-EDD6696BD871}.Debug|x86.ActiveCfg = Debug|Any CPU
		{10A6C791-CACB-4BEE-9B52-EDD6696BD871}.Debug|x86.Build.0 = Debug|Any CPU
		{10A6C791-CACB-4BEE-9B52-EDD6696BD871}.Release|Any CPU.ActiveCfg = Release|Any CPU
		{10A6C791-CACB-4BEE-9B52-EDD6696BD871}.Release|Any CPU.Build.0 = Release|Any CPU
		{10A6C791-CACB-4BEE-9B52-EDD6696BD871}.Release|x64.ActiveCfg = Release|Any CPU
		{10A6C791-CACB-4BEE-9B52-EDD6696BD871}.Release|x64.Build.0 = Release|Any CPU
		{10A6C791-CACB-4BEE-9B52-EDD6696BD871}.Release|x86.ActiveCfg = Release|Any CPU
		{10A6C791-CACB-4BEE-9B52-EDD6696BD871}.Release|x86.Build.0 = Release|Any CPU
	EndGlobalSection
	GlobalSection(SolutionProperties) = preSolution
		HideSolutionNode = FALSE
	EndGlobalSection
	GlobalSection(ExtensibilityGlobals) = postSolution
		SolutionGuid = {064B4FE0-388D-4521-8EC2-BE8C4DD080B1}
	EndGlobalSection
EndGlobal
